
Microsoft Visual Studio Solution File, Format Version 12.00
# Visual Studio Version 17
VisualStudioVersion = 17.2.32516.85
MinimumVisualStudioVersion = 10.0.40219.1
Project("{FAE04EC0-301F-11D3-BF4B-00C04F79EFBC}") = "Stomotolog", "Stomotolog\Stomotolog.csproj", "{7B6DCBE7-220D-4AFF-85D6-A6321167DCF3}"
EndProject
Project("{FAE04EC0-301F-11D3-BF4B-00C04F79EFBC}") = "StomotologTestProject", "StomotologTestProject\StomotologTestProject.csproj", "{8572B4C0-429D-4FDA-9590-C89320B322E8}"
EndProject
Project("{FAE04EC0-301F-11D3-BF4B-00C04F79EFBC}") = "StomotologLibrary", "StomotologLibrary\StomotologLibrary.csproj", "{E91FB4FF-6F14-4B4F-B8A9-43C29E0109D9}"
EndProject
Global
	GlobalSection(SolutionConfigurationPlatforms) = preSolution
		Debug|Any CPU = Debug|Any CPU
		Release|Any CPU = Release|Any CPU
	EndGlobalSection
	GlobalSection(ProjectConfigurationPlatforms) = postSolution
		{7B6DCBE7-220D-4AFF-85D6-A6321167DCF3}.Debug|Any CPU.ActiveCfg = Debug|Any CPU
		{7B6DCBE7-220D-4AFF-85D6-A6321167DCF3}.Debug|Any CPU.Build.0 = Debug|Any CPU
		{7B6DCBE7-220D-4AFF-85D6-A6321167DCF3}.Release|Any CPU.ActiveCfg = Release|Any CPU
		{7B6DCBE7-220D-4AFF-85D6-A6321167DCF3}.Release|Any CPU.Build.0 = Release|Any CPU
		{8572B4C0-429D-4FDA-9590-C89320B322E8}.Debug|Any CPU.ActiveCfg = Debug|Any CPU
		{8572B4C0-429D-4FDA-9590-C89320B322E8}.Debug|Any CPU.Build.0 = Debug|Any CPU
		{8572B4C0-429D-4FDA-9590-C89320B322E8}.Release|Any CPU.ActiveCfg = Release|Any CPU
		{8572B4C0-429D-4FDA-9590-C89320B322E8}.Release|Any CPU.Build.0 = Release|Any CPU
		{E91FB4FF-6F14-4B4F-B8A9-43C29E0109D9}.Debug|Any CPU.ActiveCfg = Debug|Any CPU
		{E91FB4FF-6F14-4B4F-B8A9-43C29E0109D9}.Debug|Any CPU.Build.0 = Debug|Any CPU
		{E91FB4FF-6F14-4B4F-B8A9-43C29E0109D9}.Release|Any CPU.ActiveCfg = Release|Any CPU
		{E91FB4FF-6F14-4B4F-B8A9-43C29E0109D9}.Release|Any CPU.Build.0 = Release|Any CPU
	EndGlobalSection
	GlobalSection(SolutionProperties) = preSolution
		HideSolutionNode = FALSE
	EndGlobalSection
	GlobalSection(ExtensibilityGlobals) = postSolution
		SolutionGuid = {8481AB28-D1A3-464C-84AA-D6C4E8528F43}
	EndGlobalSection
EndGlobal
